
Microsoft Visual Studio Solution File, Format Version 12.00
# Visual Studio Version 17
VisualStudioVersion = 17.0.32014.148
MinimumVisualStudioVersion = 10.0.40219.1
Project("{FAE04EC0-301F-11D3-BF4B-00C04F79EFBC}") = "COMP123 ASSIGNMENT02", "COMP123 ASSIGNMENT02\COMP123 ASSIGNMENT02.csproj", "{ACFA50C5-0855-41C4-ABD2-5DA3BD490EAC}"
EndProject
Global
	GlobalSection(SolutionConfigurationPlatforms) = preSolution
		Debug|Any CPU = Debug|Any CPU
		Release|Any CPU = Release|Any CPU
	EndGlobalSection
	GlobalSection(ProjectConfigurationPlatforms) = postSolution
		{ACFA50C5-0855-41C4-ABD2-5DA3BD490EAC}.Debug|Any CPU.ActiveCfg = Debug|Any CPU
		{ACFA50C5-0855-41C4-ABD2-5DA3BD490EAC}.Debug|Any CPU.Build.0 = Debug|Any CPU
		{ACFA50C5-0855-41C4-ABD2-5DA3BD490EAC}.Release|Any CPU.ActiveCfg = Release|Any CPU
		{ACFA50C5-0855-41C4-ABD2-5DA3BD490EAC}.Release|Any CPU.Build.0 = Release|Any CPU
	EndGlobalSection
	GlobalSection(SolutionProperties) = preSolution
		HideSolutionNode = FALSE
	EndGlobalSection
	GlobalSection(ExtensibilityGlobals) = postSolution
		SolutionGuid = {1764876C-724F-44BB-8530-A8F3E3700859}
	EndGlobalSection
EndGlobal
